Microsoft Visual Studio Solution File, Format Version 11.00
# Visual Studio 2008

Project("{5026E7FC-9281-8249-2A88-EE56EE740461}") = "UGDE", "Assembly-CSharp-firstpass-vs.csproj", "{CAB59C95-62CD-BB6B-0A8C-6BD21C3F5176}"
EndProject
Project("{5026E7FC-9281-8249-2A88-EE56EE740461}") = "UGDE", "Assembly-CSharp-vs.csproj", "{6212BF27-1ECC-A0AB-C24C-08B967FA104B}"
EndProject
Global
	GlobalSection(SolutionConfigurationPlatforms) = preSolution
		Debug|Any CPU = Debug|Any CPU
		Release|Any CPU = Release|Any CPU
	EndGlobalSection
	GlobalSection(ProjectConfigurationPlatforms) = postSolution
		{CAB59C95-62CD-BB6B-0A8C-6BD21C3F5176}.Debug|Any CPU.ActiveCfg = Debug|Any CPU
		{CAB59C95-62CD-BB6B-0A8C-6BD21C3F5176}.Debug|Any CPU.Build.0 = Debug|Any CPU
		{CAB59C95-62CD-BB6B-0A8C-6BD21C3F5176}.Release|Any CPU.ActiveCfg = Release|Any CPU
		{CAB59C95-62CD-BB6B-0A8C-6BD21C3F5176}.Release|Any CPU.Build.0 = Release|Any CPU
		{6212BF27-1ECC-A0AB-C24C-08B967FA104B}.Debug|Any CPU.ActiveCfg = Debug|Any CPU
		{6212BF27-1ECC-A0AB-C24C-08B967FA104B}.Debug|Any CPU.Build.0 = Debug|Any CPU
		{6212BF27-1ECC-A0AB-C24C-08B967FA104B}.Release|Any CPU.ActiveCfg = Release|Any CPU
		{6212BF27-1ECC-A0AB-C24C-08B967FA104B}.Release|Any CPU.Build.0 = Release|Any CPU
	EndGlobalSection
	GlobalSection(SolutionProperties) = preSolution
		HideSolutionNode = FALSE
	EndGlobalSection
																							GlobalSection(MonoDevelopProperties) = preSolution
		StartupItem = Assembly-CSharp.csproj
		Policies = $0
		$0.TextStylePolicy = $1
		$1.TabWidth = 2
		$1.RemoveTrailingWhitespace = True
		$1.inheritsSet = VisualStudio
		$1.inheritsScope = text/plain
		$1.scope = text/x-csharp
		$0.CSharpFormattingPolicy = $2
		$2.AnonymousMethodBraceStyle = NextLine
		$2.PropertyBraceStyle = NextLine
		$2.PropertyGetBraceStyle = NextLine
		$2.PropertySetBraceStyle = NextLine
		$2.EventBraceStyle = NextLine
		$2.EventAddBraceStyle = NextLine
		$2.StatementBraceStyle = NextLine
		$2.PlaceElseOnNewLine = True
		$2.PlaceElseIfOnNewLine = True
		$2.PlaceCatchOnNewLine = True
		$2.PlaceFinallyOnNewLine = True
		$2.PlaceWhileOnNewLine = True
		$2.inheritsSet = Mono
		$2.inheritsScope = text/x-csharp
		$2.scope = text/x-csharp
		$0.TextStylePolicy = $3
		$3.TabWidth = 2
		$3.RemoveTrailingWhitespace = True
		$3.inheritsSet = VisualStudio
		$3.inheritsScope = text/plain
		$3.scope = text/plain
		$0.XmlFormattingPolicy = $4
		$4.inheritsSet = Mono
		$4.inheritsScope = application/xml
		$4.scope = application/xml
		$0.VersionControlPolicy = $5
		$5.inheritsSet = Mono
		$0.ChangeLogPolicy = $6
		$6.inheritsSet = Mono
		$0.TextStylePolicy = $7
		$7.TabWidth = 2
		$7.RemoveTrailingWhitespace = True
		$7.inheritsSet = VisualStudio
		$7.inheritsScope = text/plain
		$7.scope = application/xml
		$0.DotNetNamingPolicy = $8
		$8.DirectoryNamespaceAssociation = None
		$8.ResourceNamePolicy = FileFormatDefault
	EndGlobalSection

EndGlobal
